
Microsoft Visual Studio Solution File, Format Version 12.00
# Visual Studio Version 17
VisualStudioVersion = 17.3.32825.248
MinimumVisualStudioVersion = 10.0.40219.1
Project("{9A19103F-16F7-4668-BE54-9A1E7A4F7556}") = "CppSharpTool", "XPloteAutoBuild\CppSharpTool.csproj", "{BA1EA5F5-2DA0-4675-9AC4-A13F69475498}"
EndProject
Project("{D954291E-2A0B-460D-934E-DC6B0785DB48}") = "共享数据", "共享数据\共享数据.shproj", "{DB7A32F1-F83A-42B0-8A54-BD809409B8DA}"
EndProject
Global
	GlobalSection(SolutionConfigurationPlatforms) = preSolution
		Debug|Any CPU = Debug|Any CPU
		Debug|x64 = Debug|x64
		Release|Any CPU = Release|Any CPU
		Release|x64 = Release|x64
	EndGlobalSection
	GlobalSection(ProjectConfigurationPlatforms) = postSolution
		{BA1EA5F5-2DA0-4675-9AC4-A13F69475498}.Debug|Any CPU.ActiveCfg = Debug|Any CPU
		{BA1EA5F5-2DA0-4675-9AC4-A13F69475498}.Debug|Any CPU.Build.0 = Debug|Any CPU
		{BA1EA5F5-2DA0-4675-9AC4-A13F69475498}.Debug|x64.ActiveCfg = Debug|x64
		{BA1EA5F5-2DA0-4675-9AC4-A13F69475498}.Debug|x64.Build.0 = Debug|x64
		{BA1EA5F5-2DA0-4675-9AC4-A13F69475498}.Release|Any CPU.ActiveCfg = Release|Any CPU
		{BA1EA5F5-2DA0-4675-9AC4-A13F69475498}.Release|Any CPU.Build.0 = Release|Any CPU
		{BA1EA5F5-2DA0-4675-9AC4-A13F69475498}.Release|x64.ActiveCfg = Release|x64
		{BA1EA5F5-2DA0-4675-9AC4-A13F69475498}.Release|x64.Build.0 = Release|x64
	EndGlobalSection
	GlobalSection(SolutionProperties) = preSolution
		HideSolutionNode = FALSE
	EndGlobalSection
	GlobalSection(ExtensibilityGlobals) = postSolution
		SolutionGuid = {C65DE5BD-6DBF-4BEB-B7F8-A63C1DD8A77E}
	EndGlobalSection
	GlobalSection(SharedMSBuildProjectFiles) = preSolution
		共享数据\共享数据.projitems*{db7a32f1-f83a-42b0-8a54-bd809409b8da}*SharedItemsImports = 13
	EndGlobalSection
EndGlobal
